// !$*UTF8*$!
{
	archiveVersion = 1;
	classes = {
	};
	objectVersion = 46;
	objects = {

/* Begin PBXBuildFile section */
		034CDE3914FFE2C500193D04 /* Cocoa.framework in Frameworks */ = {isa = PBXBuildFile; fileRef = 034CDE3814FFE2C500193D04 /* Cocoa.framework */; };
		034CDE4314FFE2C500193D04 /* InfoPlist.strings in Resources */ = {isa = PBXBuildFile; fileRef = 034CDE4114FFE2C500193D04 /* InfoPlist.strings */; };
		034CDF0E14FFE4CD00193D04 /* RSTrixiePlugin.framework in Frameworks */ = {isa = PBXBuildFile; fileRef = 034CDF0D14FFE4CD00193D04 /* RSTrixiePlugin.framework */; };
		034CDF3E14FFE74900193D04 /* ReactionFadeOut.m in Sources */ = {isa = PBXBuildFile; fileRef = 034CDF3C14FFE74900193D04 /* ReactionFadeOut.m */; };
		034CDF3F14FFE74900193D04 /* ReactionFadeOut.xib in Resources */ = {isa = PBXBuildFile; fileRef = 034CDF3D14FFE74900193D04 /* ReactionFadeOut.xib */; };
		034CDF4714FFE81800193D04 /* ReactionFadeOut.h in Headers */ = {isa = PBXBuildFile; fileRef = 034CDF3B14FFE74900193D04 /* ReactionFadeOut.h */; settings = {ATTRIBUTES = (Public, ); }; };
/* End PBXBuildFile section */

/* Begin PBXFileReference section */
		034CDE3514FFE2C500193D04 /* ReactionFadeOut.bundle */ = {isa = PBXFileReference; explicitFileType = wrapper.cfbundle; includeInIndex = 0; path = ReactionFadeOut.bundle; sourceTree = BUILT_PRODUCTS_DIR; };
		034CDE3814FFE2C500193D04 /* Cocoa.framework */ = {isa = PBXFileReference; lastKnownFileType = wrapper.framework; name = Cocoa.framework; path = System/Library/Frameworks/Cocoa.framework; sourceTree = SDKROOT; };
		034CDE3B14FFE2C500193D04 /* AppKit.framework */ = {isa = PBXFileReference; lastKnownFileType = wrapper.framework; name = AppKit.framework; path = System/Library/Frameworks/AppKit.framework; sourceTree = SDKROOT; };
		034CDE3C14FFE2C500193D04 /* CoreData.framework */ = {isa = PBXFileReference; lastKnownFileType = wrapper.framework; name = CoreData.framework; path = System/Library/Frameworks/CoreData.framework; sourceTree = SDKROOT; };
		034CDE3D14FFE2C500193D04 /* Foundation.framework */ = {isa = PBXFileReference; lastKnownFileType = wrapper.framework; name = Foundation.framework; path = System/Library/Frameworks/Foundation.framework; sourceTree = SDKROOT; };
		034CDE4014FFE2C500193D04 /* ReactionFadeOut-Info.plist */ = {isa = PBXFileReference; lastKnownFileType = text.plist.xml; path = "ReactionFadeOut-Info.plist"; sourceTree = "<group>"; };
		034CDE4214FFE2C500193D04 /* en */ = {isa = PBXFileReference; lastKnownFileType = text.plist.strings; name = en; path = en.lproj/InfoPlist.strings; sourceTree = "<group>"; };
		034CDE4414FFE2C500193D04 /* ReactionFadeOut-Prefix.pch */ = {isa = PBXFileReference; lastKnownFileType = sourcecode.c.h; path = "ReactionFadeOut-Prefix.pch"; sourceTree = "<group>"; };
		034CDF0D14FFE4CD00193D04 /* RSTrixiePlugin.framework */ = {isa = PBXFileReference; lastKnownFileType = wrapper.framework; name = RSTrixiePlugin.framework; path = "../../../../Library/Developer/Xcode/DerivedData/Workspace_Trixie-axnfrbtrkoszpiehooyethumxqxg/Build/Products/Debug/RSTrixiePlugin.framework"; sourceTree = "<group>"; };
		034CDF3B14FFE74900193D04 /* ReactionFadeOut.h */ = {isa = PBXFileReference; fileEncoding = 4; lastKnownFileType = sourcecode.c.h; path = ReactionFadeOut.h; sourceTree = "<group>"; };
		034CDF3C14FFE74900193D04 /* ReactionFadeOut.m */ = {isa = PBXFileReference; fileEncoding = 4; lastKnownFileType = sourcecode.c.objc; path = ReactionFadeOut.m; sourceTree = "<group>"; };
		034CDF3D14FFE74900193D04 /* ReactionFadeOut.xib */ = {isa = PBXFileReference; fileEncoding = 4; lastKnownFileType = file.xib; path = ReactionFadeOut.xib; sourceTree = "<group>"; };
/* End PBXFileReference section */

/* Begin PBXFrameworksBuildPhase section */
		034CDE3214FFE2C500193D04 /* Frameworks */ = {
			isa = PBXFrameworksBuildPhase;
			buildActionMask = 2147483647;
			files = (
				034CDF0E14FFE4CD00193D04 /* RSTrixiePlugin.framework in Frameworks */,
				034CDE3914FFE2C500193D04 /* Cocoa.framework in Frameworks */,
			);
			runOnlyForDeploymentPostprocessing = 0;
		};
/* End PBXFrameworksBuildPhase section */

/* Begin PBXGroup section */
		034CDE2A14FFE2C500193D04 = {
			isa = PBXGroup;
			children = (
				034CDE3E14FFE2C500193D04 /* ReactionFadeOut */,
				034CDE3714FFE2C500193D04 /* Frameworks */,
				034CDE3614FFE2C500193D04 /* Products */,
			);
			sourceTree = "<group>";
		};
		034CDE3614FFE2C500193D04 /* Products */ = {
			isa = PBXGroup;
			children = (
				034CDE3514FFE2C500193D04 /* ReactionFadeOut.bundle */,
			);
			name = Products;
			sourceTree = "<group>";
		};
		034CDE3714FFE2C500193D04 /* Frameworks */ = {
			isa = PBXGroup;
			children = (
				034CDF0D14FFE4CD00193D04 /* RSTrixiePlugin.framework */,
				034CDE3814FFE2C500193D04 /* Cocoa.framework */,
				034CDE3A14FFE2C500193D04 /* Other Frameworks */,
			);
			name = Frameworks;
			sourceTree = "<group>";
		};
		034CDE3A14FFE2C500193D04 /* Other Frameworks */ = {
			isa = PBXGroup;
			children = (
				034CDE3B14FFE2C500193D04 /* AppKit.framework */,
				034CDE3C14FFE2C500193D04 /* CoreData.framework */,
				034CDE3D14FFE2C500193D04 /* Foundation.framework */,
			);
			name = "Other Frameworks";
			sourceTree = "<group>";
		};
		034CDE3E14FFE2C500193D04 /* ReactionFadeOut */ = {
			isa = PBXGroup;
			children = (
				034CDE3F14FFE2C500193D04 /* Supporting Files */,
				034CDF3B14FFE74900193D04 /* ReactionFadeOut.h */,
				034CDF3C14FFE74900193D04 /* ReactionFadeOut.m */,
				034CDF3D14FFE74900193D04 /* ReactionFadeOut.xib */,
			);
			path = ReactionFadeOut;
			sourceTree = "<group>";
		};
		034CDE3F14FFE2C500193D04 /* Supporting Files */ = {
			isa = PBXGroup;
			children = (
				034CDE4014FFE2C500193D04 /* ReactionFadeOut-Info.plist */,
				034CDE4114FFE2C500193D04 /* InfoPlist.strings */,
				034CDE4414FFE2C500193D04 /* ReactionFadeOut-Prefix.pch */,
			);
			name = "Supporting Files";
			sourceTree = "<group>";
		};
/* End PBXGroup section */

/* Begin PBXHeadersBuildPhase section */
		034CDF4614FFE7FD00193D04 /* Headers */ = {
			isa = PBXHeadersBuildPhase;
			buildActionMask = 2147483647;
			files = (
				034CDF4714FFE81800193D04 /* ReactionFadeOut.h in Headers */,
			);
			runOnlyForDeploymentPostprocessing = 0;
		};
/* End PBXHeadersBuildPhase section */

/* Begin PBXNativeTarget section */
		034CDE3414FFE2C500193D04 /* ReactionFadeOut */ = {
			isa = PBXNativeTarget;
			buildConfigurationList = 034CDE4714FFE2C500193D04 /* Build configuration list for PBXNativeTarget "ReactionFadeOut" */;
			buildPhases = (
				034CDE3114FFE2C500193D04 /* Sources */,
				034CDE3214FFE2C500193D04 /* Frameworks */,
				034CDE3314FFE2C500193D04 /* Resources */,
				034CDF4614FFE7FD00193D04 /* Headers */,
			);
			buildRules = (
			);
			dependencies = (
			);
			name = ReactionFadeOut;
			productName = ReactionFadeOut;
			productReference = 034CDE3514FFE2C500193D04 /* ReactionFadeOut.bundle */;
			productType = "com.apple.product-type.bundle";
		};
/* End PBXNativeTarget section */

/* Begin PBXProject section */
		034CDE2C14FFE2C500193D04 /* Project object */ = {
			isa = PBXProject;
			attributes = {
				LastUpgradeCheck = 0430;
				ORGANIZATIONNAME = "Roaring Sky";
			};
			buildConfigurationList = 034CDE2F14FFE2C500193D04 /* Build configuration list for PBXProject "ReactionFadeOut" */;
			compatibilityVersion = "Xcode 3.2";
			developmentRegion = English;
			hasScannedForEncodings = 0;
			knownRegions = (
				en,
			);
			mainGroup = 034CDE2A14FFE2C500193D04;
			productRefGroup = 034CDE3614FFE2C500193D04 /* Products */;
			projectDirPath = "";
			projectRoot = "";
			targets = (
				034CDE3414FFE2C500193D04 /* ReactionFadeOut */,
			);
		};
/* End PBXProject section */

/* Begin PBXResourcesBuildPhase section */
		034CDE3314FFE2C500193D04 /* Resources */ = {
			isa = PBXResourcesBuildPhase;
			buildActionMask = 2147483647;
			files = (
				034CDE4314FFE2C500193D04 /* InfoPlist.strings in Resources */,
				034CDF3F14FFE74900193D04 /* ReactionFadeOut.xib in Resources */,
			);
			runOnlyForDeploymentPostprocessing = 0;
		};
/* End PBXResourcesBuildPhase section */

/* Begin PBXSourcesBuildPhase section */
		034CDE3114FFE2C500193D04 /* Sources */ = {
			isa = PBXSourcesBuildPhase;
			buildActionMask = 2147483647;
			files = (
				034CDF3E14FFE74900193D04 /* ReactionFadeOut.m in Sources */,
			);
			runOnlyForDeploymentPostprocessing = 0;
		};
/* End PBXSourcesBuildPhase section */

/* Begin PBXVariantGroup section */
		034CDE4114FFE2C500193D04 /* InfoPlist.strings */ = {
			isa = PBXVariantGroup;
			children = (
				034CDE4214FFE2C500193D04 /* en */,
			);
			name = InfoPlist.strings;
			sourceTree = "<group>";
		};
/* End PBXVariantGroup section */

/* Begin XCBuildConfiguration section */
		034CDE4514FFE2C500193D04 /* Debug */ = {
			isa = XCBuildConfiguration;
			buildSettings = {
				ALWAYS_SEARCH_USER_PATHS = NO;
				ARCHS = "$(ARCHS_STANDARD_64_BIT)";
				CLANG_ENABLE_OBJC_ARC = YES;
				COPY_PHASE_STRIP = NO;
				GCC_C_LANGUAGE_STANDARD = gnu99;
				GCC_DYNAMIC_NO_PIC = NO;
				GCC_ENABLE_OBJC_EXCEPTIONS = YES;
				GCC_OPTIMIZATION_LEVEL = 0;
				GCC_PREPROCESSOR_DEFINITIONS = (
					"DEBUG=1",
					"$(inherited)",
				);
				GCC_SYMBOLS_PRIVATE_EXTERN = NO;
				GCC_VERSION = com.apple.compilers.llvm.clang.1_0;
				GCC_WARN_64_TO_32_BIT_CONVERSION = YES;
				GCC_WARN_ABOUT_RETURN_TYPE = YES;
				GCC_WARN_UNINITIALIZED_AUTOS = YES;
				GCC_WARN_UNUSED_VARIABLE = YES;
				MACOSX_DEPLOYMENT_TARGET = 10.7;
				ONLY_ACTIVE_ARCH = YES;
				SDKROOT = macosx;
			};
			name = Debug;
		};
		034CDE4614FFE2C500193D04 /* Release */ = {
			isa = XCBuildConfiguration;
			buildSettings = {
				ALWAYS_SEARCH_USER_PATHS = NO;
				ARCHS = "$(ARCHS_STANDARD_64_BIT)";
				CLANG_ENABLE_OBJC_ARC = YES;
				COPY_PHASE_STRIP = YES;
				DEBUG_INFORMATION_FORMAT = "dwarf-with-dsym";
				GCC_C_LANGUAGE_STANDARD = gnu99;
				GCC_ENABLE_OBJC_EXCEPTIONS = YES;
				GCC_VERSION = com.apple.compilers.llvm.clang.1_0;
				GCC_WARN_64_TO_32_BIT_CONVERSION = YES;
				GCC_WARN_ABOUT_RETURN_TYPE = YES;
				GCC_WARN_UNINITIALIZED_AUTOS = YES;
				GCC_WARN_UNUSED_VARIABLE = YES;
				MACOSX_DEPLOYMENT_TARGET = 10.7;
				SDKROOT = macosx;
			};
			name = Release;
		};
		034CDE4814FFE2C500193D04 /* Debug */ = {
			isa = XCBuildConfiguration;
			buildSettings = {
				FRAMEWORK_SEARCH_PATHS = (
					"~/Code/Workspaces/Trixie/RSTrixiePlugin/RSTrixiePlugin",
					"\"$(SRCROOT)/../../../../Library/Developer/Xcode/DerivedData/Workspace_Trixie-axnfrbtrkoszpiehooyethumxqxg/Build/Products/Debug\"",
				);
				GCC_PRECOMPILE_PREFIX_HEADER = YES;
				GCC_PREFIX_HEADER = "ReactionFadeOut/ReactionFadeOut-Prefix.pch";
				INFOPLIST_FILE = "ReactionFadeOut/ReactionFadeOut-Info.plist";
				INSTALL_PATH = "@executable_path/../Plugins";
				LD_RUNPATH_SEARCH_PATHS = "@executable_path/../Frameworks";
				PRODUCT_NAME = "$(TARGET_NAME)";
				WRAPPER_EXTENSION = bundle;
			};
			name = Debug;
		};
		034CDE4914FFE2C500193D04 /* Release */ = {
			isa = XCBuildConfiguration;
			buildSettings = {
				FRAMEWORK_SEARCH_PATHS = (
					"~/Code/Workspaces/Trixie/RSTrixiePlugin/RSTrixiePlugin",
					"\"$(SRCROOT)/../../../../Library/Developer/Xcode/DerivedData/Workspace_Trixie-axnfrbtrkoszpiehooyethumxqxg/Build/Products/Debug\"",
				);
				GCC_PRECOMPILE_PREFIX_HEADER = YES;
				GCC_PREFIX_HEADER = "ReactionFadeOut/ReactionFadeOut-Prefix.pch";
				INFOPLIST_FILE = "ReactionFadeOut/ReactionFadeOut-Info.plist";
				INSTALL_PATH = "@executable_path/../Plugins";
				LD_RUNPATH_SEARCH_PATHS = "@executable_path/../Frameworks";
				PRODUCT_NAME = "$(TARGET_NAME)";
				WRAPPER_EXTENSION = bundle;
			};
			name = Release;
		};
/* End XCBuildConfiguration section */

/* Begin XCConfigurationList section */
		034CDE2F14FFE2C500193D04 /* Build configuration list for PBXProject "ReactionFadeOut" */ = {
			isa = XCConfigurationList;
			buildConfigurations = (
				034CDE4514FFE2C500193D04 /* Debug */,
				034CDE4614FFE2C500193D04 /* Release */,
			);
			defaultConfigurationIsVisible = 0;
			defaultConfigurationName = Release;
		};
		034CDE4714FFE2C500193D04 /* Build configuration list for PBXNativeTarget "ReactionFadeOut" */ = {
			isa = XCConfigurationList;
			buildConfigurations = (
				034CDE4814FFE2C500193D04 /* Debug */,
				034CDE4914FFE2C500193D04 /* Release */,
			);
			defaultConfigurationIsVisible = 0;
		};
/* End XCConfigurationList section */
	};
	rootObject = 034CDE2C14FFE2C500193D04 /* Project object */;
}
